
Microsoft Visual Studio Solution File, Format Version 12.00
# Visual Studio Version 16
VisualStudioVersion = 16.0.30011.22
MinimumVisualStudioVersion = 10.0.40219.1
Project("{2150E333-8FDC-42A3-9474-1A3956D46DE8}") = "1 - Application", "1 - Application", "{3257C813-BD87-43A9-B07D-C9A5FBB02080}"
EndProject
Project("{2150E333-8FDC-42A3-9474-1A3956D46DE8}") = "2 - Domain", "2 - Domain", "{53CDD1A1-A0E2-42E3-9CE1-7023C584CECA}"
EndProject
Project("{2150E333-8FDC-42A3-9474-1A3956D46DE8}") = "3 - Service", "3 - Service", "{37AD7A65-4421-4DF1-9A5D-75E77954B27B}"
EndProject
Project("{2150E333-8FDC-42A3-9474-1A3956D46DE8}") = "4 - Infra", "4 - Infra", "{4798C2BD-6607-45B2-BFC2-B2C6A3892464}"
EndProject
Project("{2150E333-8FDC-42A3-9474-1A3956D46DE8}") = "4.1 - Data", "4.1 - Data", "{2333FE9C-6483-44BE-A084-EE11775305BC}"
EndProject
Project("{2150E333-8FDC-42A3-9474-1A3956D46DE8}") = "4.2 - CrossCutting", "4.2 - CrossCutting", "{E350C30A-C8FA-4608-91AB-A6AA8F81CB4A}"
EndProject
Project("{9A19103F-16F7-4668-BE54-9A1E7A4F7556}") = "CCB.Web", "src\CCB.Web\CCB.Web.csproj", "{263DFAB2-4AB8-4892-A3FC-809622112827}"
EndProject
Project("{9A19103F-16F7-4668-BE54-9A1E7A4F7556}") = "CCB.Domain", "src\CCB.Domain\CCB.Domain.csproj", "{836C4143-EEF6-4707-ABEE-1E1094942442}"
EndProject
Project("{9A19103F-16F7-4668-BE54-9A1E7A4F7556}") = "CCB.Service", "src\CCB.Service\CCB.Service.csproj", "{62C86728-D83E-47CF-B3BD-DC6D945171FA}"
EndProject
Project("{9A19103F-16F7-4668-BE54-9A1E7A4F7556}") = "CCB.Infra.Data", "src\CCB.Infra.Data\CCB.Infra.Data.csproj", "{04F09929-674D-4AD6-A99E-AA592CF0E748}"
EndProject
Project("{9A19103F-16F7-4668-BE54-9A1E7A4F7556}") = "CCB.Infra.CrossCutting", "src\CCB.Infra.CrossCutting\CCB.Infra.CrossCutting.csproj", "{76457C35-7BB9-432F-8941-0D38F651402D}"
EndProject
Project("{FAE04EC0-301F-11D3-BF4B-00C04F79EFBC}") = "CCB.Tests", "tests\CCB.Tests\CCB.Tests.csproj", "{108D8A97-C4A8-4ED8-87CC-8EBAF808C38B}"
EndProject
Global
	GlobalSection(SolutionConfigurationPlatforms) = preSolution
		Debug|Any CPU = Debug|Any CPU
		Release|Any CPU = Release|Any CPU
	EndGlobalSection
	GlobalSection(ProjectConfigurationPlatforms) = postSolution
		{263DFAB2-4AB8-4892-A3FC-809622112827}.Debug|Any CPU.ActiveCfg = Debug|Any CPU
		{263DFAB2-4AB8-4892-A3FC-809622112827}.Debug|Any CPU.Build.0 = Debug|Any CPU
		{263DFAB2-4AB8-4892-A3FC-809622112827}.Release|Any CPU.ActiveCfg = Release|Any CPU
		{263DFAB2-4AB8-4892-A3FC-809622112827}.Release|Any CPU.Build.0 = Release|Any CPU
		{836C4143-EEF6-4707-ABEE-1E1094942442}.Debug|Any CPU.ActiveCfg = Debug|Any CPU
		{836C4143-EEF6-4707-ABEE-1E1094942442}.Debug|Any CPU.Build.0 = Debug|Any CPU
		{836C4143-EEF6-4707-ABEE-1E1094942442}.Release|Any CPU.ActiveCfg = Release|Any CPU
		{836C4143-EEF6-4707-ABEE-1E1094942442}.Release|Any CPU.Build.0 = Release|Any CPU
		{62C86728-D83E-47CF-B3BD-DC6D945171FA}.Debug|Any CPU.ActiveCfg = Debug|Any CPU
		{62C86728-D83E-47CF-B3BD-DC6D945171FA}.Debug|Any CPU.Build.0 = Debug|Any CPU
		{62C86728-D83E-47CF-B3BD-DC6D945171FA}.Release|Any CPU.ActiveCfg = Release|Any CPU
		{62C86728-D83E-47CF-B3BD-DC6D945171FA}.Release|Any CPU.Build.0 = Release|Any CPU
		{04F09929-674D-4AD6-A99E-AA592CF0E748}.Debug|Any CPU.ActiveCfg = Debug|Any CPU
		{04F09929-674D-4AD6-A99E-AA592CF0E748}.Debug|Any CPU.Build.0 = Debug|Any CPU
		{04F09929-674D-4AD6-A99E-AA592CF0E748}.Release|Any CPU.ActiveCfg = Release|Any CPU
		{04F09929-674D-4AD6-A99E-AA592CF0E748}.Release|Any CPU.Build.0 = Release|Any CPU
		{76457C35-7BB9-432F-8941-0D38F651402D}.Debug|Any CPU.ActiveCfg = Debug|Any CPU
		{76457C35-7BB9-432F-8941-0D38F651402D}.Debug|Any CPU.Build.0 = Debug|Any CPU
		{76457C35-7BB9-432F-8941-0D38F651402D}.Release|Any CPU.ActiveCfg = Release|Any CPU
		{76457C35-7BB9-432F-8941-0D38F651402D}.Release|Any CPU.Build.0 = Release|Any CPU
		{108D8A97-C4A8-4ED8-87CC-8EBAF808C38B}.Debug|Any CPU.ActiveCfg = Debug|Any CPU
		{108D8A97-C4A8-4ED8-87CC-8EBAF808C38B}.Debug|Any CPU.Build.0 = Debug|Any CPU
		{108D8A97-C4A8-4ED8-87CC-8EBAF808C38B}.Release|Any CPU.ActiveCfg = Release|Any CPU
		{108D8A97-C4A8-4ED8-87CC-8EBAF808C38B}.Release|Any CPU.Build.0 = Release|Any CPU
	EndGlobalSection
	GlobalSection(SolutionProperties) = preSolution
		HideSolutionNode = FALSE
	EndGlobalSection
	GlobalSection(NestedProjects) = preSolution
		{2333FE9C-6483-44BE-A084-EE11775305BC} = {4798C2BD-6607-45B2-BFC2-B2C6A3892464}
		{E350C30A-C8FA-4608-91AB-A6AA8F81CB4A} = {4798C2BD-6607-45B2-BFC2-B2C6A3892464}
		{263DFAB2-4AB8-4892-A3FC-809622112827} = {3257C813-BD87-43A9-B07D-C9A5FBB02080}
		{836C4143-EEF6-4707-ABEE-1E1094942442} = {53CDD1A1-A0E2-42E3-9CE1-7023C584CECA}
		{62C86728-D83E-47CF-B3BD-DC6D945171FA} = {37AD7A65-4421-4DF1-9A5D-75E77954B27B}
		{04F09929-674D-4AD6-A99E-AA592CF0E748} = {2333FE9C-6483-44BE-A084-EE11775305BC}
		{76457C35-7BB9-432F-8941-0D38F651402D} = {E350C30A-C8FA-4608-91AB-A6AA8F81CB4A}
		{108D8A97-C4A8-4ED8-87CC-8EBAF808C38B} = {3257C813-BD87-43A9-B07D-C9A5FBB02080}
	EndGlobalSection
	GlobalSection(ExtensibilityGlobals) = postSolution
		SolutionGuid = {2C3F5862-638B-40AC-8B15-F570D0CF5B7E}
	EndGlobalSection
EndGlobal
